// !$*UTF8*$!
{
	archiveVersion = 1;
	classes = {
	};
	objectVersion = 46;
	objects = {

/* Begin PBXBuildFile section */
		751CDDAB1CED002E00624C80 /* GroupTableCheck.m in Sources */ = {isa = PBXBuildFile; fileRef = 751CDDAA1CED002E00624C80 /* GroupTableCheck.m */; };
		75282ECE1CEB5A4D002AEA87 /* main.m in Sources */ = {isa = PBXBuildFile; fileRef = 75282ECD1CEB5A4D002AEA87 /* main.m */; };
		75282ED61CEB5AD3002AEA87 /* TableCheck.m in Sources */ = {isa = PBXBuildFile; fileRef = 75282ED51CEB5AD3002AEA87 /* TableCheck.m */; };
		7535F7C01CEBBE9E0092E68B /* MenuItem.m in Sources */ = {isa = PBXBuildFile; fileRef = 7535F7BF1CEBBE9E0092E68B /* MenuItem.m */; };
		753BFC1C1CEE45B700E92B1F /* CateringObject.m in Sources */ = {isa = PBXBuildFile; fileRef = 753BFC1B1CEE45B700E92B1F /* CateringObject.m */; };
/* End PBXBuildFile section */

/* Begin PBXCopyFilesBuildPhase section */
		75282EC81CEB5A4D002AEA87 /* CopyFiles */ = {
			isa = PBXCopyFilesBuildPhase;
			buildActionMask = 2147483647;
			dstPath = /usr/share/man/man1/;
			dstSubfolderSpec = 0;
			files = (
			);
			runOnlyForDeploymentPostprocessing = 1;
		};
/* End PBXCopyFilesBuildPhase section */

/* Begin PBXFileReference section */
		751CDDA91CED002E00624C80 /* GroupTableCheck.h */ = {isa = PBXFileReference; fileEncoding = 4; lastKnownFileType = sourcecode.c.h; path = GroupTableCheck.h; sourceTree = "<group>"; };
		751CDDAA1CED002E00624C80 /* GroupTableCheck.m */ = {isa = PBXFileReference; fileEncoding = 4; lastKnownFileType = sourcecode.c.objc; path = GroupTableCheck.m; sourceTree = "<group>"; };
		75282ECA1CEB5A4D002AEA87 /* renansDiner */ = {isa = PBXFileReference; explicitFileType = "compiled.mach-o.executable"; includeInIndex = 0; path = renansDiner; sourceTree = BUILT_PRODUCTS_DIR; };
		75282ECD1CEB5A4D002AEA87 /* main.m */ = {isa = PBXFileReference; lastKnownFileType = sourcecode.c.objc; path = main.m; sourceTree = "<group>"; };
		75282ED41CEB5AD3002AEA87 /* TableCheck.h */ = {isa = PBXFileReference; fileEncoding = 4; lastKnownFileType = sourcecode.c.h; path = TableCheck.h; sourceTree = "<group>"; };
		75282ED51CEB5AD3002AEA87 /* TableCheck.m */ = {isa = PBXFileReference; fileEncoding = 4; lastKnownFileType = sourcecode.c.objc; path = TableCheck.m; sourceTree = "<group>"; };
		7535F7BE1CEBBE9E0092E68B /* MenuItem.h */ = {isa = PBXFileReference; fileEncoding = 4; lastKnownFileType = sourcecode.c.h; path = MenuItem.h; sourceTree = "<group>"; };
		7535F7BF1CEBBE9E0092E68B /* MenuItem.m */ = {isa = PBXFileReference; fileEncoding = 4; lastKnownFileType = sourcecode.c.objc; path = MenuItem.m; sourceTree = "<group>"; };
		753BFC1A1CEE45B700E92B1F /* CateringObject.h */ = {isa = PBXFileReference; fileEncoding = 4; lastKnownFileType = sourcecode.c.h; path = CateringObject.h; sourceTree = "<group>"; };
		753BFC1B1CEE45B700E92B1F /* CateringObject.m */ = {isa = PBXFileReference; fileEncoding = 4; lastKnownFileType = sourcecode.c.objc; path = CateringObject.m; sourceTree = "<group>"; };
/* End PBXFileReference section */

/* Begin PBXFrameworksBuildPhase section */
		75282EC71CEB5A4D002AEA87 /* Frameworks */ = {
			isa = PBXFrameworksBuildPhase;
			buildActionMask = 2147483647;
			files = (
			);
			runOnlyForDeploymentPostprocessing = 0;
		};
/* End PBXFrameworksBuildPhase section */

/* Begin PBXGroup section */
		75282EC11CEB5A4C002AEA87 = {
			isa = PBXGroup;
			children = (
				75282ED41CEB5AD3002AEA87 /* TableCheck.h */,
				7535F7BE1CEBBE9E0092E68B /* MenuItem.h */,
				7535F7BF1CEBBE9E0092E68B /* MenuItem.m */,
				75282ED51CEB5AD3002AEA87 /* TableCheck.m */,
				751CDDA91CED002E00624C80 /* GroupTableCheck.h */,
				751CDDAA1CED002E00624C80 /* GroupTableCheck.m */,
				75282ECC1CEB5A4D002AEA87 /* renansDiner */,
				75282ECB1CEB5A4D002AEA87 /* Products */,
			);
			sourceTree = "<group>";
		};
		75282ECB1CEB5A4D002AEA87 /* Products */ = {
			isa = PBXGroup;
			children = (
				75282ECA1CEB5A4D002AEA87 /* renansDiner */,
			);
			name = Products;
			sourceTree = "<group>";
		};
		75282ECC1CEB5A4D002AEA87 /* renansDiner */ = {
			isa = PBXGroup;
			children = (
				75282ECD1CEB5A4D002AEA87 /* main.m */,
				753BFC1A1CEE45B700E92B1F /* CateringObject.h */,
				753BFC1B1CEE45B700E92B1F /* CateringObject.m */,
			);
			path = renansDiner;
			sourceTree = "<group>";
		};
/* End PBXGroup section */

/* Begin PBXNativeTarget section */
		75282EC91CEB5A4D002AEA87 /* renansDiner */ = {
			isa = PBXNativeTarget;
			buildConfigurationList = 75282ED11CEB5A4D002AEA87 /* Build configuration list for PBXNativeTarget "renansDiner" */;
			buildPhases = (
				75282EC61CEB5A4D002AEA87 /* Sources */,
				75282EC71CEB5A4D002AEA87 /* Frameworks */,
				75282EC81CEB5A4D002AEA87 /* CopyFiles */,
			);
			buildRules = (
			);
			dependencies = (
			);
			name = renansDiner;
			productName = renansDiner;
			productReference = 75282ECA1CEB5A4D002AEA87 /* renansDiner */;
			productType = "com.apple.product-type.tool";
		};
/* End PBXNativeTarget section */

/* Begin PBXProject section */
		75282EC21CEB5A4C002AEA87 /* Project object */ = {
			isa = PBXProject;
			attributes = {
				LastUpgradeCheck = 0730;
				ORGANIZATIONNAME = "Renan Avrahami";
				TargetAttributes = {
					75282EC91CEB5A4D002AEA87 = {
						CreatedOnToolsVersion = 7.3.1;
					};
				};
			};
			buildConfigurationList = 75282EC51CEB5A4C002AEA87 /* Build configuration list for PBXProject "renansDiner" */;
			compatibilityVersion = "Xcode 3.2";
			developmentRegion = English;
			hasScannedForEncodings = 0;
			knownRegions = (
				en,
			);
			mainGroup = 75282EC11CEB5A4C002AEA87;
			productRefGroup = 75282ECB1CEB5A4D002AEA87 /* Products */;
			projectDirPath = "";
			projectRoot = "";
			targets = (
				75282EC91CEB5A4D002AEA87 /* renansDiner */,
			);
		};
/* End PBXProject section */

/* Begin PBXSourcesBuildPhase section */
		75282EC61CEB5A4D002AEA87 /* Sources */ = {
			isa = PBXSourcesBuildPhase;
			buildActionMask = 2147483647;
			files = (
				7535F7C01CEBBE9E0092E68B /* MenuItem.m in Sources */,
				753BFC1C1CEE45B700E92B1F /* CateringObject.m in Sources */,
				75282ECE1CEB5A4D002AEA87 /* main.m in Sources */,
				75282ED61CEB5AD3002AEA87 /* TableCheck.m in Sources */,
				751CDDAB1CED002E00624C80 /* GroupTableCheck.m in Sources */,
			);
			runOnlyForDeploymentPostprocessing = 0;
		};
/* End PBXSourcesBuildPhase section */

/* Begin XCBuildConfiguration section */
		75282ECF1CEB5A4D002AEA87 /* Debug */ = {
			isa = XCBuildConfiguration;
			buildSettings = {
				ALWAYS_SEARCH_USER_PATHS = NO;
				CLANG_ANALYZER_NONNULL = YES;
				CLANG_CXX_LANGUAGE_STANDARD = "gnu++0x";
				CLANG_CXX_LIBRARY = "libc++";
				CLANG_ENABLE_MODULES = YES;
				CLANG_ENABLE_OBJC_ARC = YES;
				CLANG_WARN_BOOL_CONVERSION = YES;
				CLANG_WARN_CONSTANT_CONVERSION = YES;
				CLANG_WARN_DIRECT_OBJC_ISA_USAGE = YES_ERROR;
				CLANG_WARN_EMPTY_BODY = YES;
				CLANG_WARN_ENUM_CONVERSION = YES;
				CLANG_WARN_INT_CONVERSION = YES;
				CLANG_WARN_OBJC_ROOT_CLASS = YES_ERROR;
				CLANG_WARN_UNREACHABLE_CODE = YES;
				CLANG_WARN__DUPLICATE_METHOD_MATCH = YES;
				CODE_SIGN_IDENTITY = "-";
				COPY_PHASE_STRIP = NO;
				DEBUG_INFORMATION_FORMAT = dwarf;
				ENABLE_STRICT_OBJC_MSGSEND = YES;
				ENABLE_TESTABILITY = YES;
				GCC_C_LANGUAGE_STANDARD = gnu99;
				GCC_DYNAMIC_NO_PIC = NO;
				GCC_NO_COMMON_BLOCKS = YES;
				GCC_OPTIMIZATION_LEVEL = 0;
				GCC_PREPROCESSOR_DEFINITIONS = (
					"DEBUG=1",
					"$(inherited)",
				);
				GCC_WARN_64_TO_32_BIT_CONVERSION = YES;
				GCC_WARN_ABOUT_RETURN_TYPE = YES_ERROR;
				GCC_WARN_UNDECLARED_SELECTOR = YES;
				GCC_WARN_UNINITIALIZED_AUTOS = YES_AGGRESSIVE;
				GCC_WARN_UNUSED_FUNCTION = YES;
				GCC_WARN_UNUSED_VARIABLE = YES;
				MACOSX_DEPLOYMENT_TARGET = 10.11;
				MTL_ENABLE_DEBUG_INFO = YES;
				ONLY_ACTIVE_ARCH = YES;
				SDKROOT = macosx;
			};
			name = Debug;
		};
		75282ED01CEB5A4D002AEA87 /* Release */ = {
			isa = XCBuildConfiguration;
			buildSettings = {
				ALWAYS_SEARCH_USER_PATHS = NO;
				CLANG_ANALYZER_NONNULL = YES;
				CLANG_CXX_LANGUAGE_STANDARD = "gnu++0x";
				CLANG_CXX_LIBRARY = "libc++";
				CLANG_ENABLE_MODULES = YES;
				CLANG_ENABLE_OBJC_ARC = YES;
				CLANG_WARN_BOOL_CONVERSION = YES;
				CLANG_WARN_CONSTANT_CONVERSION = YES;
				CLANG_WARN_DIRECT_OBJC_ISA_USAGE = YES_ERROR;
				CLANG_WARN_EMPTY_BODY = YES;
				CLANG_WARN_ENUM_CONVERSION = YES;
				CLANG_WARN_INT_CONVERSION = YES;
				CLANG_WARN_OBJC_ROOT_CLASS = YES_ERROR;
				CLANG_WARN_UNREACHABLE_CODE = YES;
				CLANG_WARN__DUPLICATE_METHOD_MATCH = YES;
				CODE_SIGN_IDENTITY = "-";
				COPY_PHASE_STRIP = NO;
				DEBUG_INFORMATION_FORMAT = "dwarf-with-dsym";
				ENABLE_NS_ASSERTIONS = NO;
				ENABLE_STRICT_OBJC_MSGSEND = YES;
				GCC_C_LANGUAGE_STANDARD = gnu99;
				GCC_NO_COMMON_BLOCKS = YES;
				GCC_WARN_64_TO_32_BIT_CONVERSION = YES;
				GCC_WARN_ABOUT_RETURN_TYPE = YES_ERROR;
				GCC_WARN_UNDECLARED_SELECTOR = YES;
				GCC_WARN_UNINITIALIZED_AUTOS = YES_AGGRESSIVE;
				GCC_WARN_UNUSED_FUNCTION = YES;
				GCC_WARN_UNUSED_VARIABLE = YES;
				MACOSX_DEPLOYMENT_TARGET = 10.11;
				MTL_ENABLE_DEBUG_INFO = NO;
				SDKROOT = macosx;
			};
			name = Release;
		};
		75282ED21CEB5A4D002AEA87 /* Debug */ = {
			isa = XCBuildConfiguration;
			buildSettings = {
				PRODUCT_NAME = "$(TARGET_NAME)";
			};
			name = Debug;
		};
		75282ED31CEB5A4D002AEA87 /* Release */ = {
			isa = XCBuildConfiguration;
			buildSettings = {
				PRODUCT_NAME = "$(TARGET_NAME)";
			};
			name = Release;
		};
/* End XCBuildConfiguration section */

/* Begin XCConfigurationList section */
		75282EC51CEB5A4C002AEA87 /* Build configuration list for PBXProject "renansDiner" */ = {
			isa = XCConfigurationList;
			buildConfigurations = (
				75282ECF1CEB5A4D002AEA87 /* Debug */,
				75282ED01CEB5A4D002AEA87 /* Release */,
			);
			defaultConfigurationIsVisible = 0;
			defaultConfigurationName = Release;
		};
		75282ED11CEB5A4D002AEA87 /* Build configuration list for PBXNativeTarget "renansDiner" */ = {
			isa = XCConfigurationList;
			buildConfigurations = (
				75282ED21CEB5A4D002AEA87 /* Debug */,
				75282ED31CEB5A4D002AEA87 /* Release */,
			);
			defaultConfigurationIsVisible = 0;
			defaultConfigurationName = Release;
		};
/* End XCConfigurationList section */
	};
	rootObject = 75282EC21CEB5A4C002AEA87 /* Project object */;
}
